
Microsoft Visual Studio Solution File, Format Version 12.00
# Visual Studio Version 17
VisualStudioVersion = 17.0.31903.59
MinimumVisualStudioVersion = 10.0.40219.1
Project("{FAE04EC0-301F-11D3-BF4B-00C04F79EFBC}") = "Day01", "Day01\Day01.csproj", "{CF5CE561-D63F-4C79-B4FE-090508A60F62}"
EndProject
Project("{FAE04EC0-301F-11D3-BF4B-00C04F79EFBC}") = "Day02", "Day02\Day02.csproj", "{FE901DC6-011F-4B0B-B653-B00ECC96C45D}"
EndProject
Project("{FAE04EC0-301F-11D3-BF4B-00C04F79EFBC}") = "Day03", "Day03\Day03.csproj", "{E9218815-F10D-4C16-AC03-4E5037824591}"
EndProject
Project("{FAE04EC0-301F-11D3-BF4B-00C04F79EFBC}") = "Day04", "Day04\Day04.csproj", "{FCA91782-9B10-42A2-9A7C-717037068C96}"
EndProject
Project("{FAE04EC0-301F-11D3-BF4B-00C04F79EFBC}") = "Day05", "Day05\Day05.csproj", "{C1E7D94E-1DF2-4B9D-B161-3A5CF1D73844}"
EndProject
Project("{FAE04EC0-301F-11D3-BF4B-00C04F79EFBC}") = "Day06", "Day06\Day06.csproj", "{514F6346-345B-408E-8B6D-C0E2400392BA}"
EndProject
Project("{FAE04EC0-301F-11D3-BF4B-00C04F79EFBC}") = "Day07", "Day07\Day07.csproj", "{370770BC-0471-4826-A390-C2575140D29B}"
EndProject
Project("{FAE04EC0-301F-11D3-BF4B-00C04F79EFBC}") = "Day08", "Day08\Day08.csproj", "{6242FFB4-35D0-4E17-9557-ED96121F91DD}"
EndProject
Global
	GlobalSection(SolutionConfigurationPlatforms) = preSolution
		Debug|Any CPU = Debug|Any CPU
		Release|Any CPU = Release|Any CPU
	EndGlobalSection
	GlobalSection(SolutionProperties) = preSolution
		HideSolutionNode = FALSE
	EndGlobalSection
	GlobalSection(NestedProjects) = preSolution
	EndGlobalSection
	GlobalSection(ProjectConfigurationPlatforms) = postSolution
		{CF5CE561-D63F-4C79-B4FE-090508A60F62}.Debug|Any CPU.ActiveCfg = Debug|Any CPU
		{CF5CE561-D63F-4C79-B4FE-090508A60F62}.Debug|Any CPU.Build.0 = Debug|Any CPU
		{CF5CE561-D63F-4C79-B4FE-090508A60F62}.Release|Any CPU.ActiveCfg = Release|Any CPU
		{CF5CE561-D63F-4C79-B4FE-090508A60F62}.Release|Any CPU.Build.0 = Release|Any CPU
		{FE901DC6-011F-4B0B-B653-B00ECC96C45D}.Debug|Any CPU.ActiveCfg = Debug|Any CPU
		{FE901DC6-011F-4B0B-B653-B00ECC96C45D}.Debug|Any CPU.Build.0 = Debug|Any CPU
		{FE901DC6-011F-4B0B-B653-B00ECC96C45D}.Release|Any CPU.ActiveCfg = Release|Any CPU
		{FE901DC6-011F-4B0B-B653-B00ECC96C45D}.Release|Any CPU.Build.0 = Release|Any CPU
		{E9218815-F10D-4C16-AC03-4E5037824591}.Debug|Any CPU.ActiveCfg = Debug|Any CPU
		{E9218815-F10D-4C16-AC03-4E5037824591}.Debug|Any CPU.Build.0 = Debug|Any CPU
		{E9218815-F10D-4C16-AC03-4E5037824591}.Release|Any CPU.ActiveCfg = Release|Any CPU
		{E9218815-F10D-4C16-AC03-4E5037824591}.Release|Any CPU.Build.0 = Release|Any CPU
		{FCA91782-9B10-42A2-9A7C-717037068C96}.Debug|Any CPU.ActiveCfg = Debug|Any CPU
		{FCA91782-9B10-42A2-9A7C-717037068C96}.Debug|Any CPU.Build.0 = Debug|Any CPU
		{FCA91782-9B10-42A2-9A7C-717037068C96}.Release|Any CPU.ActiveCfg = Release|Any CPU
		{FCA91782-9B10-42A2-9A7C-717037068C96}.Release|Any CPU.Build.0 = Release|Any CPU
		{C1E7D94E-1DF2-4B9D-B161-3A5CF1D73844}.Debug|Any CPU.ActiveCfg = Debug|Any CPU
		{C1E7D94E-1DF2-4B9D-B161-3A5CF1D73844}.Debug|Any CPU.Build.0 = Debug|Any CPU
		{C1E7D94E-1DF2-4B9D-B161-3A5CF1D73844}.Release|Any CPU.ActiveCfg = Release|Any CPU
		{C1E7D94E-1DF2-4B9D-B161-3A5CF1D73844}.Release|Any CPU.Build.0 = Release|Any CPU
		{514F6346-345B-408E-8B6D-C0E2400392BA}.Debug|Any CPU.ActiveCfg = Debug|Any CPU
		{514F6346-345B-408E-8B6D-C0E2400392BA}.Debug|Any CPU.Build.0 = Debug|Any CPU
		{514F6346-345B-408E-8B6D-C0E2400392BA}.Release|Any CPU.ActiveCfg = Release|Any CPU
		{514F6346-345B-408E-8B6D-C0E2400392BA}.Release|Any CPU.Build.0 = Release|Any CPU
		{370770BC-0471-4826-A390-C2575140D29B}.Debug|Any CPU.ActiveCfg = Debug|Any CPU
		{370770BC-0471-4826-A390-C2575140D29B}.Debug|Any CPU.Build.0 = Debug|Any CPU
		{370770BC-0471-4826-A390-C2575140D29B}.Release|Any CPU.ActiveCfg = Release|Any CPU
		{370770BC-0471-4826-A390-C2575140D29B}.Release|Any CPU.Build.0 = Release|Any CPU
		{6242FFB4-35D0-4E17-9557-ED96121F91DD}.Debug|Any CPU.ActiveCfg = Debug|Any CPU
		{6242FFB4-35D0-4E17-9557-ED96121F91DD}.Debug|Any CPU.Build.0 = Debug|Any CPU
		{6242FFB4-35D0-4E17-9557-ED96121F91DD}.Release|Any CPU.ActiveCfg = Release|Any CPU
		{6242FFB4-35D0-4E17-9557-ED96121F91DD}.Release|Any CPU.Build.0 = Release|Any CPU
	EndGlobalSection
EndGlobal
